
Microsoft Visual Studio Solution File, Format Version 12.00
# Visual Studio Version 16
VisualStudioVersion = 16.0.29215.179
MinimumVisualStudioVersion = 10.0.40219.1
Project("{FAE04EC0-301F-11D3-BF4B-00C04F79EFBC}") = "LibraryServices", "LibraryServices\LibraryServices.csproj", "{5E37753D-B216-4E6A-8BCD-5E13DDD27471}"
EndProject
Project("{FAE04EC0-301F-11D3-BF4B-00C04F79EFBC}") = "LibraryServicesTests", "LibraryServicesTests\LibraryServicesTests.csproj", "{6F5D8680-CB69-478E-885D-3442B1918AFD}"
EndProject
Project("{FAE04EC0-301F-11D3-BF4B-00C04F79EFBC}") = "BLL", "dfg\BLL.csproj", "{848C9884-B95D-46C8-9038-626232F89E4B}"
EndProject
Project("{FAE04EC0-301F-11D3-BF4B-00C04F79EFBC}") = "DAL", "DDA\DAL.csproj", "{36212A4B-D528-4FA5-A9FE-E20C9232295D}"
EndProject
Project("{FAE04EC0-301F-11D3-BF4B-00C04F79EFBC}") = "Entidades", "Entity\Entidades.csproj", "{7926E319-8FE4-49A4-B5B7-DCC6489C9ABC}"
EndProject
Global
	GlobalSection(SolutionConfigurationPlatforms) = preSolution
		Debug|Any CPU = Debug|Any CPU
		Release|Any CPU = Release|Any CPU
	EndGlobalSection
	GlobalSection(ProjectConfigurationPlatforms) = postSolution
		{5E37753D-B216-4E6A-8BCD-5E13DDD27471}.Debug|Any CPU.ActiveCfg = Debug|Any CPU
		{5E37753D-B216-4E6A-8BCD-5E13DDD27471}.Debug|Any CPU.Build.0 = Debug|Any CPU
		{5E37753D-B216-4E6A-8BCD-5E13DDD27471}.Release|Any CPU.ActiveCfg = Release|Any CPU
		{5E37753D-B216-4E6A-8BCD-5E13DDD27471}.Release|Any CPU.Build.0 = Release|Any CPU
		{6F5D8680-CB69-478E-885D-3442B1918AFD}.Debug|Any CPU.ActiveCfg = Debug|Any CPU
		{6F5D8680-CB69-478E-885D-3442B1918AFD}.Debug|Any CPU.Build.0 = Debug|Any CPU
		{6F5D8680-CB69-478E-885D-3442B1918AFD}.Release|Any CPU.ActiveCfg = Release|Any CPU
		{6F5D8680-CB69-478E-885D-3442B1918AFD}.Release|Any CPU.Build.0 = Release|Any CPU
		{848C9884-B95D-46C8-9038-626232F89E4B}.Debug|Any CPU.ActiveCfg = Debug|Any CPU
		{848C9884-B95D-46C8-9038-626232F89E4B}.Debug|Any CPU.Build.0 = Debug|Any CPU
		{848C9884-B95D-46C8-9038-626232F89E4B}.Release|Any CPU.ActiveCfg = Release|Any CPU
		{848C9884-B95D-46C8-9038-626232F89E4B}.Release|Any CPU.Build.0 = Release|Any CPU
		{36212A4B-D528-4FA5-A9FE-E20C9232295D}.Debug|Any CPU.ActiveCfg = Debug|Any CPU
		{36212A4B-D528-4FA5-A9FE-E20C9232295D}.Debug|Any CPU.Build.0 = Debug|Any CPU
		{36212A4B-D528-4FA5-A9FE-E20C9232295D}.Release|Any CPU.ActiveCfg = Release|Any CPU
		{36212A4B-D528-4FA5-A9FE-E20C9232295D}.Release|Any CPU.Build.0 = Release|Any CPU
		{7926E319-8FE4-49A4-B5B7-DCC6489C9ABC}.Debug|Any CPU.ActiveCfg = Debug|Any CPU
		{7926E319-8FE4-49A4-B5B7-DCC6489C9ABC}.Debug|Any CPU.Build.0 = Debug|Any CPU
		{7926E319-8FE4-49A4-B5B7-DCC6489C9ABC}.Release|Any CPU.ActiveCfg = Release|Any CPU
		{7926E319-8FE4-49A4-B5B7-DCC6489C9ABC}.Release|Any CPU.Build.0 = Release|Any CPU
	EndGlobalSection
	GlobalSection(SolutionProperties) = preSolution
		HideSolutionNode = FALSE
	EndGlobalSection
	GlobalSection(ExtensibilityGlobals) = postSolution
		SolutionGuid = {E8D31ED1-C30B-4572-83CB-66F940FE4337}
	EndGlobalSection
EndGlobal
